PODS:
  - Cosmos (19.0.3)
  - MaterialComponents/ActivityIndicator (88.2.0):
    - MaterialComponents/Palettes
    - MaterialComponents/private/Application
    - MDFInternationalization
    - MotionAnimator (~> 2.0)
  - MaterialComponents/AnimationTiming (88.2.0)
  - MaterialComponents/BottomNavigation (88.2.0):
    - MaterialComponents/Elevation
    - MaterialComponents/Ink
    - MaterialComponents/Palettes
    - MaterialComponents/private/Math
    - MaterialComponents/Ripple
    - MaterialComponents/ShadowElevations
    - MaterialComponents/ShadowLayer
    - MaterialComponents/Typography
    - MDFInternationalization
  - MaterialComponents/Elevation (88.2.0):
    - MaterialComponents/private/Color
    - MaterialComponents/private/Math
  - MaterialComponents/Ink (88.2.0):
    - MaterialComponents/private/Color
    - MaterialComponents/private/Math
  - MaterialComponents/Palettes (88.2.0)
  - MaterialComponents/private/Application (88.2.0)
  - MaterialComponents/private/Color (88.2.0)
  - MaterialComponents/private/Math (88.2.0)
  - MaterialComponents/Ripple (88.2.0):
    - MaterialComponents/AnimationTiming
    - MaterialComponents/private/Color
    - MaterialComponents/private/Math
  - MaterialComponents/ShadowElevations (88.2.0)
  - MaterialComponents/ShadowLayer (88.2.0):
    - MaterialComponents/ShadowElevations
  - MaterialComponents/Tabs (88.2.0):
    - MaterialComponents/AnimationTiming
    - MaterialComponents/Elevation
    - MaterialComponents/Ink
    - MaterialComponents/Palettes
    - MaterialComponents/private/Math
    - MaterialComponents/Ripple
    - MaterialComponents/ShadowElevations
    - MaterialComponents/ShadowLayer
    - MaterialComponents/Typography
    - MDFInternationalization
  - MaterialComponents/Typography (88.2.0):
    - MaterialComponents/private/Application
    - MaterialComponents/private/Math
  - MDFInternationalization (2.0.0)
  - MotionAnimator (2.8.1):
    - MotionInterchange (~> 1.6)
  - MotionInterchange (1.6.0)
  - ReachabilitySwift (4.3.1)
  - SDWebImage (5.1.0):
    - SDWebImage/Core (= 5.1.0)
  - SDWebImage/Core (5.1.0)
  - YoutubePlayer-in-WKWebView (0.3.2)

DEPENDENCIES:
  - Cosmos (~> 19.0)
  - MaterialComponents/ActivityIndicator
  - MaterialComponents/BottomNavigation
  - MaterialComponents/Ink
  - MaterialComponents/Tabs
  - ReachabilitySwift
  - SDWebImage
  - YoutubePlayer-in-WKWebView

SPEC REPOS:
  https://github.com/cocoapods/specs.git:
    - Cosmos
    - MaterialComponents
    - MDFInternationalization
    - MotionAnimator
    - MotionInterchange
    - ReachabilitySwift
    - SDWebImage
    - YoutubePlayer-in-WKWebView

SPEC CHECKSUMS:
  Cosmos: a6fb17284281fa12cf4c85c2efecd440a215ec44
  MaterialComponents: 9c32944d05360aa1e096c3c6058c4c0f784a7bbe
  MDFInternationalization: 010097556d6b09d2c4ea38e0820ea6d37be6a314
  MotionAnimator: ee16aa30567c5bae0fb2750c132915829cfaaf8a
  MotionInterchange: ead0e3ae1f3a5fb539e289debbc7ae036160a10d
  ReachabilitySwift: 4032e2f59586e11e3b0ebe15b167abdd587a388b
  SDWebImage: fb387001955223213dde14bc08c8b73f371f8d8f
  YoutubePlayer-in-WKWebView: f9c20a456c5d99e5f5248e4d2079a5d3b6950d13

PODFILE CHECKSUM: 174383e3ce8a074e58499c20aed67f4a90e627a3

COCOAPODS: 1.6.1
